
Microsoft Visual Studio Solution File, Format Version 12.00
# Visual Studio Version 16
VisualStudioVersion = 16.0.30413.136
MinimumVisualStudioVersion = 10.0.40219.1
Project("{FAE04EC0-301F-11D3-BF4B-00C04F79EFBC}") = "EntityFrameworkPractice", "EntityFrameworkPractice\EntityFrameworkPractice.csproj", "{DF0A9A0D-EC02-4A79-A104-95782F52A737}"
EndProject
Project("{FAE04EC0-301F-11D3-BF4B-00C04F79EFBC}") = "FuneralHome", "FuneralHome\FuneralHome.csproj", "{CE6D8BC6-EAF3-496F-8DA6-FD4B670284AF}"
EndProject
Project("{FAE04EC0-301F-11D3-BF4B-00C04F79EFBC}") = "FuneralHome.Domain", "FuneralHome.Domain\FuneralHome.Domain.csproj", "{0B33CB7B-A7A6-4A82-93C4-8F81CD56A444}"
EndProject
Project("{FAE04EC0-301F-11D3-BF4B-00C04F79EFBC}") = "FuneralHome.Data", "FuneralHome.Data\FuneralHome.Data.csproj", "{C5FD1013-D63B-48E4-B48F-FA3C11EC0D9C}"
EndProject
Project("{FAE04EC0-301F-11D3-BF4B-00C04F79EFBC}") = "FuneralHomeCommon", "FuneralHomeCommon\FuneralHomeCommon.csproj", "{22C3CDB8-2E96-4A5C-B05C-198DB78438EB}"
EndProject
Global
	GlobalSection(SolutionConfigurationPlatforms) = preSolution
		Debug|Any CPU = Debug|Any CPU
		Release|Any CPU = Release|Any CPU
	EndGlobalSection
	GlobalSection(ProjectConfigurationPlatforms) = postSolution
		{DF0A9A0D-EC02-4A79-A104-95782F52A737}.Debug|Any CPU.ActiveCfg = Debug|Any CPU
		{DF0A9A0D-EC02-4A79-A104-95782F52A737}.Debug|Any CPU.Build.0 = Debug|Any CPU
		{DF0A9A0D-EC02-4A79-A104-95782F52A737}.Release|Any CPU.ActiveCfg = Release|Any CPU
		{DF0A9A0D-EC02-4A79-A104-95782F52A737}.Release|Any CPU.Build.0 = Release|Any CPU
		{CE6D8BC6-EAF3-496F-8DA6-FD4B670284AF}.Debug|Any CPU.ActiveCfg = Debug|Any CPU
		{CE6D8BC6-EAF3-496F-8DA6-FD4B670284AF}.Debug|Any CPU.Build.0 = Debug|Any CPU
		{CE6D8BC6-EAF3-496F-8DA6-FD4B670284AF}.Release|Any CPU.ActiveCfg = Release|Any CPU
		{CE6D8BC6-EAF3-496F-8DA6-FD4B670284AF}.Release|Any CPU.Build.0 = Release|Any CPU
		{0B33CB7B-A7A6-4A82-93C4-8F81CD56A444}.Debug|Any CPU.ActiveCfg = Debug|Any CPU
		{0B33CB7B-A7A6-4A82-93C4-8F81CD56A444}.Debug|Any CPU.Build.0 = Debug|Any CPU
		{0B33CB7B-A7A6-4A82-93C4-8F81CD56A444}.Release|Any CPU.ActiveCfg = Release|Any CPU
		{0B33CB7B-A7A6-4A82-93C4-8F81CD56A444}.Release|Any CPU.Build.0 = Release|Any CPU
		{C5FD1013-D63B-48E4-B48F-FA3C11EC0D9C}.Debug|Any CPU.ActiveCfg = Debug|Any CPU
		{C5FD1013-D63B-48E4-B48F-FA3C11EC0D9C}.Debug|Any CPU.Build.0 = Debug|Any CPU
		{C5FD1013-D63B-48E4-B48F-FA3C11EC0D9C}.Release|Any CPU.ActiveCfg = Release|Any CPU
		{C5FD1013-D63B-48E4-B48F-FA3C11EC0D9C}.Release|Any CPU.Build.0 = Release|Any CPU
		{22C3CDB8-2E96-4A5C-B05C-198DB78438EB}.Debug|Any CPU.ActiveCfg = Debug|Any CPU
		{22C3CDB8-2E96-4A5C-B05C-198DB78438EB}.Debug|Any CPU.Build.0 = Debug|Any CPU
		{22C3CDB8-2E96-4A5C-B05C-198DB78438EB}.Release|Any CPU.ActiveCfg = Release|Any CPU
		{22C3CDB8-2E96-4A5C-B05C-198DB78438EB}.Release|Any CPU.Build.0 = Release|Any CPU
	EndGlobalSection
	GlobalSection(SolutionProperties) = preSolution
		HideSolutionNode = FALSE
	EndGlobalSection
	GlobalSection(ExtensibilityGlobals) = postSolution
		SolutionGuid = {EA918F72-C689-4E86-BC4D-D83E291AC6F5}
	EndGlobalSection
EndGlobal
